// !$*UTF8*$!
{
	archiveVersion = 1;
	classes = {
	};
	objectVersion = 50;
	objects = {

/* Begin PBXBuildFile section */
		EA22A8F2268E3E2100A77108 /* AppDelegate.swift in Sources */ = {isa = PBXBuildFile; fileRef = EA22A8F1268E3E2100A77108 /* AppDelegate.swift */; };
		EA22A8F4268E3E2100A77108 /* SceneDelegate.swift in Sources */ = {isa = PBXBuildFile; fileRef = EA22A8F3268E3E2100A77108 /* SceneDelegate.swift */; };
		EA22A8F9268E3E2100A77108 /* Main.storyboard in Resources */ = {isa = PBXBuildFile; fileRef = EA22A8F7268E3E2100A77108 /* Main.storyboard */; };
		EA22A8FC268E3E2100A77108 /* ToDoListCoreData.xcdatamodeld in Sources */ = {isa = PBXBuildFile; fileRef = EA22A8FA268E3E2100A77108 /* ToDoListCoreData.xcdatamodeld */; };
		EA22A8FE268E3E3000A77108 /* Assets.xcassets in Resources */ = {isa = PBXBuildFile; fileRef = EA22A8FD268E3E3000A77108 /* Assets.xcassets */; };
		EA22A901268E3E3000A77108 /* LaunchScreen.storyboard in Resources */ = {isa = PBXBuildFile; fileRef = EA22A8FF268E3E3000A77108 /* LaunchScreen.storyboard */; };
		EA22A909268E3EEC00A77108 /* TableViewController.swift in Sources */ = {isa = PBXBuildFile; fileRef = EA22A908268E3EEC00A77108 /* TableViewController.swift */; };
		EAD75D61269B74B600A62996 /* Снимок экрана 2021-07-11 в 22.47.37.png in Resources */ = {isa = PBXBuildFile; fileRef = EAD75D5F269B74B600A62996 /* Снимок экрана 2021-07-11 в 22.47.37.png */; };
		EAD75D62269B74B600A62996 /* Снимок экрана 2021-07-11 в 22.48.06.png in Resources */ = {isa = PBXBuildFile; fileRef = EAD75D60269B74B600A62996 /* Снимок экрана 2021-07-11 в 22.48.06.png */; };
/* End PBXBuildFile section */

/* Begin PBXFileReference section */
		EA22A8EE268E3E2100A77108 /* ToDoListCoreData.app */ = {isa = PBXFileReference; explicitFileType = wrapper.application; includeInIndex = 0; path = ToDoListCoreData.app; sourceTree = BUILT_PRODUCTS_DIR; };
		EA22A8F1268E3E2100A77108 /* AppDelegate.swift */ = {isa = PBXFileReference; lastKnownFileType = sourcecode.swift; path = AppDelegate.swift; sourceTree = "<group>"; };
		EA22A8F3268E3E2100A77108 /* SceneDelegate.swift */ = {isa = PBXFileReference; lastKnownFileType = sourcecode.swift; path = SceneDelegate.swift; sourceTree = "<group>"; };
		EA22A8F8268E3E2100A77108 /* Base */ = {isa = PBXFileReference; lastKnownFileType = file.storyboard; name = Base; path = Base.lproj/Main.storyboard; sourceTree = "<group>"; };
		EA22A8FB268E3E2100A77108 /* ToDoListCoreData.xcdatamodel */ = {isa = PBXFileReference; lastKnownFileType = wrapper.xcdatamodel; path = ToDoListCoreData.xcdatamodel; sourceTree = "<group>"; };
		EA22A8FD268E3E3000A77108 /* Assets.xcassets */ = {isa = PBXFileReference; lastKnownFileType = folder.assetcatalog; path = Assets.xcassets; sourceTree = "<group>"; };
		EA22A900268E3E3000A77108 /* Base */ = {isa = PBXFileReference; lastKnownFileType = file.storyboard; name = Base; path = Base.lproj/LaunchScreen.storyboard; sourceTree = "<group>"; };
		EA22A902268E3E3000A77108 /* Info.plist */ = {isa = PBXFileReference; lastKnownFileType = text.plist.xml; path = Info.plist; sourceTree = "<group>"; };
		EA22A908268E3EEC00A77108 /* TableViewController.swift */ = {isa = PBXFileReference; lastKnownFileType = sourcecode.swift; path = TableViewController.swift; sourceTree = "<group>"; };
		EAD75D5F269B74B600A62996 /* Снимок экрана 2021-07-11 в 22.47.37.png */ = {isa = PBXFileReference; lastKnownFileType = image.png; path = "Снимок экрана 2021-07-11 в 22.47.37.png"; sourceTree = "<group>"; };
		EAD75D60269B74B600A62996 /* Снимок экрана 2021-07-11 в 22.48.06.png */ = {isa = PBXFileReference; lastKnownFileType = image.png; path = "Снимок экрана 2021-07-11 в 22.48.06.png"; sourceTree = "<group>"; };
/* End PBXFileReference section */

/* Begin PBXFrameworksBuildPhase section */
		EA22A8EB268E3E2100A77108 /* Frameworks */ = {
			isa = PBXFrameworksBuildPhase;
			buildActionMask = 2147483647;
			files = (
			);
			runOnlyForDeploymentPostprocessing = 0;
		};
/* End PBXFrameworksBuildPhase section */

/* Begin PBXGroup section */
		EA22A8E5268E3E2100A77108 = {
			isa = PBXGroup;
			children = (
				EA22A8F0268E3E2100A77108 /* ToDoListCoreData */,
				EAD75D5E269B73FD00A62996 /* Screenshots */,
				EA22A8EF268E3E2100A77108 /* Products */,
			);
			sourceTree = "<group>";
		};
		EA22A8EF268E3E2100A77108 /* Products */ = {
			isa = PBXGroup;
			children = (
				EA22A8EE268E3E2100A77108 /* ToDoListCoreData.app */,
			);
			name = Products;
			sourceTree = "<group>";
		};
		EA22A8F0268E3E2100A77108 /* ToDoListCoreData */ = {
			isa = PBXGroup;
			children = (
				EA22A8F1268E3E2100A77108 /* AppDelegate.swift */,
				EA22A8F3268E3E2100A77108 /* SceneDelegate.swift */,
				EA22A908268E3EEC00A77108 /* TableViewController.swift */,
				EA22A8F7268E3E2100A77108 /* Main.storyboard */,
				EA22A8FD268E3E3000A77108 /* Assets.xcassets */,
				EA22A8FF268E3E3000A77108 /* LaunchScreen.storyboard */,
				EA22A902268E3E3000A77108 /* Info.plist */,
				EA22A8FA268E3E2100A77108 /* ToDoListCoreData.xcdatamodeld */,
			);
			path = ToDoListCoreData;
			sourceTree = "<group>";
		};
		EAD75D5E269B73FD00A62996 /* Screenshots */ = {
			isa = PBXGroup;
			children = (
				EAD75D5F269B74B600A62996 /* Снимок экрана 2021-07-11 в 22.47.37.png */,
				EAD75D60269B74B600A62996 /* Снимок экрана 2021-07-11 в 22.48.06.png */,
			);
			path = Screenshots;
			sourceTree = "<group>";
		};
/* End PBXGroup section */

/* Begin PBXNativeTarget section */
		EA22A8ED268E3E2100A77108 /* ToDoListCoreData */ = {
			isa = PBXNativeTarget;
			buildConfigurationList = EA22A905268E3E3000A77108 /* Build configuration list for PBXNativeTarget "ToDoListCoreData" */;
			buildPhases = (
				EA22A8EA268E3E2100A77108 /* Sources */,
				EA22A8EB268E3E2100A77108 /* Frameworks */,
				EA22A8EC268E3E2100A77108 /* Resources */,
			);
			buildRules = (
			);
			dependencies = (
			);
			name = ToDoListCoreData;
			productName = ToDoListCoreData;
			productReference = EA22A8EE268E3E2100A77108 /* ToDoListCoreData.app */;
			productType = "com.apple.product-type.application";
		};
/* End PBXNativeTarget section */

/* Begin PBXProject section */
		EA22A8E6268E3E2100A77108 /* Project object */ = {
			isa = PBXProject;
			attributes = {
				LastSwiftUpdateCheck = 1250;
				LastUpgradeCheck = 1250;
				TargetAttributes = {
					EA22A8ED268E3E2100A77108 = {
						CreatedOnToolsVersion = 12.5.1;
					};
				};
			};
			buildConfigurationList = EA22A8E9268E3E2100A77108 /* Build configuration list for PBXProject "ToDoListCoreData" */;
			compatibilityVersion = "Xcode 9.3";
			developmentRegion = en;
			hasScannedForEncodings = 0;
			knownRegions = (
				en,
				Base,
			);
			mainGroup = EA22A8E5268E3E2100A77108;
			productRefGroup = EA22A8EF268E3E2100A77108 /* Products */;
			projectDirPath = "";
			projectRoot = "";
			targets = (
				EA22A8ED268E3E2100A77108 /* ToDoListCoreData */,
			);
		};
/* End PBXProject section */

/* Begin PBXResourcesBuildPhase section */
		EA22A8EC268E3E2100A77108 /* Resources */ = {
			isa = PBXResourcesBuildPhase;
			buildActionMask = 2147483647;
			files = (
				EA22A901268E3E3000A77108 /* LaunchScreen.storyboard in Resources */,
				EAD75D62269B74B600A62996 /* Снимок экрана 2021-07-11 в 22.48.06.png in Resources */,
				EA22A8FE268E3E3000A77108 /* Assets.xcassets in Resources */,
				EA22A8F9268E3E2100A77108 /* Main.storyboard in Resources */,
				EAD75D61269B74B600A62996 /* Снимок экрана 2021-07-11 в 22.47.37.png in Resources */,
			);
			runOnlyForDeploymentPostprocessing = 0;
		};
/* End PBXResourcesBuildPhase section */

/* Begin PBXSourcesBuildPhase section */
		EA22A8EA268E3E2100A77108 /* Sources */ = {
			isa = PBXSourcesBuildPhase;
			buildActionMask = 2147483647;
			files = (
				EA22A8F2268E3E2100A77108 /* AppDelegate.swift in Sources */,
				EA22A8FC268E3E2100A77108 /* ToDoListCoreData.xcdatamodeld in Sources */,
				EA22A8F4268E3E2100A77108 /* SceneDelegate.swift in Sources */,
				EA22A909268E3EEC00A77108 /* TableViewController.swift in Sources */,
			);
			runOnlyForDeploymentPostprocessing = 0;
		};
/* End PBXSourcesBuildPhase section */

/* Begin PBXVariantGroup section */
		EA22A8F7268E3E2100A77108 /* Main.storyboard */ = {
			isa = PBXVariantGroup;
			children = (
				EA22A8F8268E3E2100A77108 /* Base */,
			);
			name = Main.storyboard;
			sourceTree = "<group>";
		};
		EA22A8FF268E3E3000A77108 /* LaunchScreen.storyboard */ = {
			isa = PBXVariantGroup;
			children = (
				EA22A900268E3E3000A77108 /* Base */,
			);
			name = LaunchScreen.storyboard;
			sourceTree = "<group>";
		};
/* End PBXVariantGroup section */

/* Begin XCBuildConfiguration section */
		EA22A903268E3E3000A77108 /* Debug */ = {
			isa = XCBuildConfiguration;
			buildSettings = {
				ALWAYS_SEARCH_USER_PATHS = NO;
				CLANG_ANALYZER_NONNULL = YES;
				CLANG_ANALYZER_NUMBER_OBJECT_CONVERSION = YES_AGGRESSIVE;
				CLANG_CXX_LANGUAGE_STANDARD = "gnu++14";
				CLANG_CXX_LIBRARY = "libc++";
				CLANG_ENABLE_MODULES = YES;
				CLANG_ENABLE_OBJC_ARC = YES;
				CLANG_ENABLE_OBJC_WEAK = YES;
				CLANG_WARN_BLOCK_CAPTURE_AUTORELEASING = YES;
				CLANG_WARN_BOOL_CONVERSION = YES;
				CLANG_WARN_COMMA = YES;
				CLANG_WARN_CONSTANT_CONVERSION = YES;
				CLANG_WARN_DEPRECATED_OBJC_IMPLEMENTATIONS = YES;
				CLANG_WARN_DIRECT_OBJC_ISA_USAGE = YES_ERROR;
				CLANG_WARN_DOCUMENTATION_COMMENTS = YES;
				CLANG_WARN_EMPTY_BODY = YES;
				CLANG_WARN_ENUM_CONVERSION = YES;
				CLANG_WARN_INFINITE_RECURSION = YES;
				CLANG_WARN_INT_CONVERSION = YES;
				CLANG_WARN_NON_LITERAL_NULL_CONVERSION = YES;
				CLANG_WARN_OBJC_IMPLICIT_RETAIN_SELF = YES;
				CLANG_WARN_OBJC_LITERAL_CONVERSION = YES;
				CLANG_WARN_OBJC_ROOT_CLASS = YES_ERROR;
				CLANG_WARN_QUOTED_INCLUDE_IN_FRAMEWORK_HEADER = YES;
				CLANG_WARN_RANGE_LOOP_ANALYSIS = YES;
				CLANG_WARN_STRICT_PROTOTYPES = YES;
				CLANG_WARN_SUSPICIOUS_MOVE = YES;
				CLANG_WARN_UNGUARDED_AVAILABILITY = YES_AGGRESSIVE;
				CLANG_WARN_UNREACHABLE_CODE = YES;
				CLANG_WARN__DUPLICATE_METHOD_MATCH = YES;
				COPY_PHASE_STRIP = NO;
				DEBUG_INFORMATION_FORMAT = dwarf;
				ENABLE_STRICT_OBJC_MSGSEND = YES;
				ENABLE_TESTABILITY = YES;
				GCC_C_LANGUAGE_STANDARD = gnu11;
				GCC_DYNAMIC_NO_PIC = NO;
				GCC_NO_COMMON_BLOCKS = YES;
				GCC_OPTIMIZATION_LEVEL = 0;
				GCC_PREPROCESSOR_DEFINITIONS = (
					"DEBUG=1",
					"$(inherited)",
				);
				GCC_WARN_64_TO_32_BIT_CONVERSION = YES;
				GCC_WARN_ABOUT_RETURN_TYPE = YES_ERROR;
				GCC_WARN_UNDECLARED_SELECTOR = YES;
				GCC_WARN_UNINITIALIZED_AUTOS = YES_AGGRESSIVE;
				GCC_WARN_UNUSED_FUNCTION = YES;
				GCC_WARN_UNUSED_VARIABLE = YES;
				IPHONEOS_DEPLOYMENT_TARGET = 14.5;
				MTL_ENABLE_DEBUG_INFO = INCLUDE_SOURCE;
				MTL_FAST_MATH = YES;
				ONLY_ACTIVE_ARCH = YES;
				SDKROOT = iphoneos;
				SWIFT_ACTIVE_COMPILATION_CONDITIONS = DEBUG;
				SWIFT_OPTIMIZATION_LEVEL = "-Onone";
			};
			name = Debug;
		};
		EA22A904268E3E3000A77108 /* Release */ = {
			isa = XCBuildConfiguration;
			buildSettings = {
				ALWAYS_SEARCH_USER_PATHS = NO;
				CLANG_ANALYZER_NONNULL = YES;
				CLANG_ANALYZER_NUMBER_OBJECT_CONVERSION = YES_AGGRESSIVE;
				CLANG_CXX_LANGUAGE_STANDARD = "gnu++14";
				CLANG_CXX_LIBRARY = "libc++";
				CLANG_ENABLE_MODULES = YES;
				CLANG_ENABLE_OBJC_ARC = YES;
				CLANG_ENABLE_OBJC_WEAK = YES;
				CLANG_WARN_BLOCK_CAPTURE_AUTORELEASING = YES;
				CLANG_WARN_BOOL_CONVERSION = YES;
				CLANG_WARN_COMMA = YES;
				CLANG_WARN_CONSTANT_CONVERSION = YES;
				CLANG_WARN_DEPRECATED_OBJC_IMPLEMENTATIONS = YES;
				CLANG_WARN_DIRECT_OBJC_ISA_USAGE = YES_ERROR;
				CLANG_WARN_DOCUMENTATION_COMMENTS = YES;
				CLANG_WARN_EMPTY_BODY = YES;
				CLANG_WARN_ENUM_CONVERSION = YES;
				CLANG_WARN_INFINITE_RECURSION = YES;
				CLANG_WARN_INT_CONVERSION = YES;
				CLANG_WARN_NON_LITERAL_NULL_CONVERSION = YES;
				CLANG_WARN_OBJC_IMPLICIT_RETAIN_SELF = YES;
				CLANG_WARN_OBJC_LITERAL_CONVERSION = YES;
				CLANG_WARN_OBJC_ROOT_CLASS = YES_ERROR;
				CLANG_WARN_QUOTED_INCLUDE_IN_FRAMEWORK_HEADER = YES;
				CLANG_WARN_RANGE_LOOP_ANALYSIS = YES;
				CLANG_WARN_STRICT_PROTOTYPES = YES;
				CLANG_WARN_SUSPICIOUS_MOVE = YES;
				CLANG_WARN_UNGUARDED_AVAILABILITY = YES_AGGRESSIVE;
				CLANG_WARN_UNREACHABLE_CODE = YES;
				CLANG_WARN__DUPLICATE_METHOD_MATCH = YES;
				COPY_PHASE_STRIP = NO;
				DEBUG_INFORMATION_FORMAT = "dwarf-with-dsym";
				ENABLE_NS_ASSERTIONS = NO;
				ENABLE_STRICT_OBJC_MSGSEND = YES;
				GCC_C_LANGUAGE_STANDARD = gnu11;
				GCC_NO_COMMON_BLOCKS = YES;
				GCC_WARN_64_TO_32_BIT_CONVERSION = YES;
				GCC_WARN_ABOUT_RETURN_TYPE = YES_ERROR;
				GCC_WARN_UNDECLARED_SELECTOR = YES;
				GCC_WARN_UNINITIALIZED_AUTOS = YES_AGGRESSIVE;
				GCC_WARN_UNUSED_FUNCTION = YES;
				GCC_WARN_UNUSED_VARIABLE = YES;
				IPHONEOS_DEPLOYMENT_TARGET = 14.5;
				MTL_ENABLE_DEBUG_INFO = NO;
				MTL_FAST_MATH = YES;
				SDKROOT = iphoneos;
				SWIFT_COMPILATION_MODE = wholemodule;
				SWIFT_OPTIMIZATION_LEVEL = "-O";
				VALIDATE_PRODUCT = YES;
			};
			name = Release;
		};
		EA22A906268E3E3000A77108 /* Debug */ = {
			isa = XCBuildConfiguration;
			buildSettings = {
				ASSETCATALOG_COMPILER_APPICON_NAME = AppIcon;
				ASSETCATALOG_COMPILER_GLOBAL_ACCENT_COLOR_NAME = AccentColor;
				CODE_SIGN_STYLE = Automatic;
				INFOPLIST_FILE = ToDoListCoreData/Info.plist;
				LD_RUNPATH_SEARCH_PATHS = (
					"$(inherited)",
					"@executable_path/Frameworks",
				);
				PRODUCT_BUNDLE_IDENTIFIER = IsaikinSergei.ToDoListCoreData;
				PRODUCT_NAME = "$(TARGET_NAME)";
				SWIFT_VERSION = 5.0;
				TARGETED_DEVICE_FAMILY = "1,2";
			};
			name = Debug;
		};
		EA22A907268E3E3000A77108 /* Release */ = {
			isa = XCBuildConfiguration;
			buildSettings = {
				ASSETCATALOG_COMPILER_APPICON_NAME = AppIcon;
				ASSETCATALOG_COMPILER_GLOBAL_ACCENT_COLOR_NAME = AccentColor;
				CODE_SIGN_STYLE = Automatic;
				INFOPLIST_FILE = ToDoListCoreData/Info.plist;
				LD_RUNPATH_SEARCH_PATHS = (
					"$(inherited)",
					"@executable_path/Frameworks",
				);
				PRODUCT_BUNDLE_IDENTIFIER = IsaikinSergei.ToDoListCoreData;
				PRODUCT_NAME = "$(TARGET_NAME)";
				SWIFT_VERSION = 5.0;
				TARGETED_DEVICE_FAMILY = "1,2";
			};
			name = Release;
		};
/* End XCBuildConfiguration section */

/* Begin XCConfigurationList section */
		EA22A8E9268E3E2100A77108 /* Build configuration list for PBXProject "ToDoListCoreData" */ = {
			isa = XCConfigurationList;
			buildConfigurations = (
				EA22A903268E3E3000A77108 /* Debug */,
				EA22A904268E3E3000A77108 /* Release */,
			);
			defaultConfigurationIsVisible = 0;
			defaultConfigurationName = Release;
		};
		EA22A905268E3E3000A77108 /* Build configuration list for PBXNativeTarget "ToDoListCoreData" */ = {
			isa = XCConfigurationList;
			buildConfigurations = (
				EA22A906268E3E3000A77108 /* Debug */,
				EA22A907268E3E3000A77108 /* Release */,
			);
			defaultConfigurationIsVisible = 0;
			defaultConfigurationName = Release;
		};
/* End XCConfigurationList section */

/* Begin XCVersionGroup section */
		EA22A8FA268E3E2100A77108 /* ToDoListCoreData.xcdatamodeld */ = {
			isa = XCVersionGroup;
			children = (
				EA22A8FB268E3E2100A77108 /* ToDoListCoreData.xcdatamodel */,
			);
			currentVersion = EA22A8FB268E3E2100A77108 /* ToDoListCoreData.xcdatamodel */;
			path = ToDoListCoreData.xcdatamodeld;
			sourceTree = "<group>";
			versionGroupType = wrapper.xcdatamodel;
		};
/* End XCVersionGroup section */
	};
	rootObject = EA22A8E6268E3E2100A77108 /* Project object */;
}
